# Generated by conda-lock.
# platform: linux-64
# input_hash: 636eac63fc2e83709b36e5dce5b7779efa631e748f7a95e2d55cf987a9085916
@EXPLICIT
https://conda.anaconda.org/conda-forge/linux-64/_libgcc_mutex-0.1-conda_forge.tar.bz2#d7c89558ba9fa0495403155b64376d81
https://conda.anaconda.org/conda-forge/linux-64/ca-certificates-2022.12.7-ha878542_0.conda#ff9f73d45c4a07d6f424495288a26080
https://conda.anaconda.org/conda-forge/noarch/kernel-headers_linux-64-2.6.32-he073ed8_15.tar.bz2#5dd5127afd710f91f6a75821bac0a4f0
https://conda.anaconda.org/conda-forge/linux-64/ld_impl_linux-64-2.39-hcc3a1bd_1.conda#737be0d34c22d24432049ab7a3214de4
https://conda.anaconda.org/conda-forge/linux-64/libgcc-devel_linux-64-11.3.0-h210ce93_19.tar.bz2#9b7bdb0b42ce4e4670d32bfe0532b56a
https://conda.anaconda.org/conda-forge/linux-64/libgfortran5-12.2.0-h337968e_19.tar.bz2#164b4b1acaedc47ee7e658ae6b308ca3
https://conda.anaconda.org/conda-forge/linux-64/libstdcxx-devel_linux-64-11.3.0-h210ce93_19.tar.bz2#8aee006c0662f551f3acef9a7077a5b9
https://conda.anaconda.org/conda-forge/linux-64/libstdcxx-ng-12.2.0-h46fd767_19.tar.bz2#1030b1f38c129f2634eae026f704fe60
https://conda.anaconda.org/conda-forge/linux-64/mpi-1.0-openmpi.tar.bz2#1dcc49e16749ff79ba2194fa5d4ca5e7
https://conda.anaconda.org/conda-forge/linux-64/python_abi-3.10-3_cp310.conda#4eb33d14d794b0f4be116443ffed3853
https://conda.anaconda.org/conda-forge/noarch/tzdata-2022g-h191b570_0.conda#51fc4fcfb19f5d95ffc8c339db5068e8
https://conda.anaconda.org/conda-forge/linux-64/libgfortran-ng-12.2.0-h69a702a_19.tar.bz2#cd7a806282c16e1f2d39a7e80d3a3e0d
https://conda.anaconda.org/conda-forge/linux-64/libgomp-12.2.0-h65d4601_19.tar.bz2#cedcee7c064c01c403f962c9e8d3c373
https://conda.anaconda.org/conda-forge/noarch/sysroot_linux-64-2.12-he073ed8_15.tar.bz2#66c192522eacf5bb763568b4e415d133
https://conda.anaconda.org/conda-forge/linux-64/_openmp_mutex-4.5-2_gnu.tar.bz2#73aaf86a425cc6e73fcf236a5a46396d
https://conda.anaconda.org/conda-forge/linux-64/binutils_impl_linux-64-2.39-he00db2b_1.conda#3d726e8b51a1f5bfd66892a2b7d9db2d
https://conda.anaconda.org/conda-forge/linux-64/binutils-2.39-hdd6e379_1.conda#1276c18b0a562739185dbf5bd14b57b2
https://conda.anaconda.org/conda-forge/linux-64/binutils_linux-64-2.39-h5fc0e48_11.tar.bz2#b7d26ab37be17ea4c366a97138684bcb
https://conda.anaconda.org/conda-forge/linux-64/libgcc-ng-12.2.0-h65d4601_19.tar.bz2#e4c94f80aef025c17ab0828cd85ef535
https://conda.anaconda.org/conda-forge/linux-64/bzip2-1.0.8-h7f98852_4.tar.bz2#a1fd65c7ccbf10880423d82bca54eb54
https://conda.anaconda.org/conda-forge/linux-64/c-ares-1.18.1-h7f98852_0.tar.bz2#f26ef8098fab1f719c91eb760d63381a
https://conda.anaconda.org/conda-forge/linux-64/expat-2.5.0-h27087fc_0.tar.bz2#c4fbad8d4bddeb3c085f18cbf97fbfad
https://conda.anaconda.org/conda-forge/linux-64/gettext-0.21.1-h27087fc_0.tar.bz2#14947d8770185e5153fdd04d4673ed37
https://conda.anaconda.org/conda-forge/linux-64/keyutils-1.6.1-h166bdaf_0.tar.bz2#30186d27e2c9fa62b45fb1476b7200e3
https://conda.anaconda.org/conda-forge/linux-64/libev-4.33-h516909a_1.tar.bz2#6f8720dff19e17ce5d48cfe7f3d2f0a3
https://conda.anaconda.org/conda-forge/linux-64/libffi-3.4.2-h7f98852_5.tar.bz2#d645c6d2ac96843a2bfaccd2d62b3ac3
https://conda.anaconda.org/conda-forge/linux-64/libiconv-1.17-h166bdaf_0.tar.bz2#b62b52da46c39ee2bc3c162ac7f1804d
https://conda.anaconda.org/conda-forge/linux-64/libnsl-2.0.0-h7f98852_0.tar.bz2#39b1328babf85c7c3a61636d9cd50206
https://conda.anaconda.org/conda-forge/linux-64/libopenblas-0.3.21-pthreads_h78a6416_3.tar.bz2#8c5963a49b6035c40646a763293fbb35
https://conda.anaconda.org/conda-forge/linux-64/libsanitizer-11.3.0-h239ccf8_19.tar.bz2#d17fd55aed84ab6592c5419b6600501c
https://conda.anaconda.org/conda-forge/linux-64/libuuid-2.32.1-h7f98852_1000.tar.bz2#772d69f030955d9646d3d0eaf21d859d
https://conda.anaconda.org/conda-forge/linux-64/libuv-1.44.2-h166bdaf_0.tar.bz2#e5cb4fe581a18ca2185a016eb848fc00
https://conda.anaconda.org/conda-forge/linux-64/libzlib-1.2.13-h166bdaf_4.tar.bz2#f3f9de449d32ca9b9c66a22863c96f41
https://conda.anaconda.org/conda-forge/linux-64/ncurses-6.3-h27087fc_1.tar.bz2#4acfc691e64342b9dae57cf2adc63238
https://conda.anaconda.org/conda-forge/linux-64/openssl-3.0.7-h0b41bf4_1.conda#7adaac6ff98219bcb99b45e408b80f4e
https://conda.anaconda.org/conda-forge/linux-64/rhash-1.4.3-h166bdaf_0.tar.bz2#0bcb0ab6faa796a22b40de3a41e3b2de
https://conda.anaconda.org/conda-forge/linux-64/xz-5.2.6-h166bdaf_0.tar.bz2#2161070d867d1b1204ea749c8eec4ef0
https://conda.anaconda.org/conda-forge/linux-64/gcc_impl_linux-64-11.3.0-hab1b70f_19.tar.bz2#89ac16d36e66ccb9ca5d34c9217e5799
https://conda.anaconda.org/conda-forge/linux-64/libblas-3.9.0-16_linux64_openblas.tar.bz2#d9b7a8639171f6c6fa0a983edabcfe2b
https://conda.anaconda.org/conda-forge/linux-64/libedit-3.1.20191231-he28a2e2_2.tar.bz2#4d331e44109e3f0e19b4cb8f9b82f3e1
https://conda.anaconda.org/conda-forge/linux-64/libnghttp2-1.47.0-hff17c54_1.tar.bz2#2b7dbfa6988a41f9d23ba6d4f0e1d74e
https://conda.anaconda.org/conda-forge/linux-64/libsqlite-3.40.0-h753d276_0.tar.bz2#2e5f9a37d487e1019fd4d8113adb2f9f
https://conda.anaconda.org/conda-forge/linux-64/libssh2-1.10.0-hf14f497_3.tar.bz2#d85acad4b47dff4e3def14a769a97906
https://conda.anaconda.org/conda-forge/linux-64/pcre2-10.40-hc3806b6_0.tar.bz2#69e2c796349cd9b273890bee0febfe1b
https://conda.anaconda.org/conda-forge/linux-64/readline-8.1.2-h0f457ee_0.tar.bz2#db2ebbe2943aae81ed051a6a9af8e0fa
https://conda.anaconda.org/conda-forge/linux-64/tk-8.6.12-h27826a3_0.tar.bz2#5b8c42eb62e9fc961af70bdd6a26e168
https://conda.anaconda.org/conda-forge/linux-64/zlib-1.2.13-h166bdaf_4.tar.bz2#4b11e365c0275b808be78b30f904e295
https://conda.anaconda.org/conda-forge/linux-64/zstd-1.5.2-h6239696_4.tar.bz2#adcf0be7897e73e312bd24353b613f74
https://conda.anaconda.org/conda-forge/linux-64/gcc-11.3.0-h02d0930_11.tar.bz2#6037ebe5f1e3054519ce78b11eec9cd4
https://conda.anaconda.org/conda-forge/linux-64/gcc_linux-64-11.3.0-he6f903b_11.tar.bz2#25f76cb82e483ce96d118b9edffd12c9
https://conda.anaconda.org/conda-forge/linux-64/gfortran_impl_linux-64-11.3.0-he34c6f7_19.tar.bz2#3de873ee757f1a2e583416a3583f84c4
https://conda.anaconda.org/conda-forge/linux-64/gxx_impl_linux-64-11.3.0-hab1b70f_19.tar.bz2#b73564a352e64bb5f2c9bfd3cd6dd127
https://conda.anaconda.org/conda-forge/linux-64/krb5-1.19.3-h08a2579_0.tar.bz2#d25e05e7ee0e302b52d24491db4891eb
https://conda.anaconda.org/conda-forge/linux-64/libcblas-3.9.0-16_linux64_openblas.tar.bz2#20bae26d0a1db73f758fc3754cab4719
https://conda.anaconda.org/conda-forge/linux-64/libglib-2.74.1-h606061b_1.tar.bz2#ed5349aa96776e00b34eccecf4a948fe
https://conda.anaconda.org/conda-forge/linux-64/liblapack-3.9.0-16_linux64_openblas.tar.bz2#955d993f41f9354bf753d29864ea20ad
https://conda.anaconda.org/conda-forge/linux-64/openmpi-4.1.4-ha1ae619_100.tar.bz2#d52a653561f656b95fc0e6d34b29f5f3
https://conda.anaconda.org/conda-forge/linux-64/sqlite-3.40.0-h4ff8645_0.tar.bz2#bb11803129cbbb53ed56f9506ff74145
https://conda.anaconda.org/conda-forge/linux-64/c-compiler-1.5.2-h0b41bf4_0.conda#69afb4e35be6366c2c1f9ed7f49bc3e6
https://conda.anaconda.org/conda-forge/linux-64/dbus-1.13.6-h5008d03_3.tar.bz2#ecfff944ba3960ecb334b9a2663d708d
https://conda.anaconda.org/conda-forge/linux-64/gfortran-11.3.0-ha859ce3_11.tar.bz2#9a6a0c6fc4d192fddc7347a0ca31a329
https://conda.anaconda.org/conda-forge/linux-64/gfortran_linux-64-11.3.0-h3c55166_11.tar.bz2#f70b169eb69320d71f193758b7df67e8
https://conda.anaconda.org/conda-forge/linux-64/gxx-11.3.0-h02d0930_11.tar.bz2#e47dd4b4e577f03bb6aab18f48be5419
https://conda.anaconda.org/conda-forge/linux-64/gxx_linux-64-11.3.0-hc203a17_11.tar.bz2#15fbc9079f191d468403639a6515652c
https://conda.anaconda.org/conda-forge/linux-64/libcurl-7.86.0-h2283fc2_1.tar.bz2#fdca8cd67ec2676f90a70ac73a32538b
https://conda.anaconda.org/conda-forge/linux-64/python-3.10.4-h2660328_0_cpython.tar.bz2#0f72b088a5471e97309031e1636e7b3f
https://conda.anaconda.org/conda-forge/noarch/attrs-22.1.0-pyh71513ae_1.tar.bz2#6d3ccbc56256204925bfa8378722792f
https://conda.anaconda.org/conda-forge/noarch/certifi-2022.12.7-pyhd8ed1ab_0.conda#fb9addc3db06e56abe03e0e9f21a63e6
https://conda.anaconda.org/conda-forge/noarch/charset-normalizer-2.1.1-pyhd8ed1ab_0.tar.bz2#c1d5b294fbf9a795dec349a6f4d8be8e
https://conda.anaconda.org/conda-forge/linux-64/cmake-3.25.1-h816a3e0_0.conda#78a6a3f7a3976cdaccf7738968a25196
https://conda.anaconda.org/conda-forge/noarch/crashtest-0.4.1-pyhd8ed1ab_0.tar.bz2#709a2295dd907bb34afb57d54320642f
https://conda.anaconda.org/conda-forge/linux-64/cxx-compiler-1.5.2-hf52228f_0.conda#6b3b19e359824b97df7145c8c878c8be
https://conda.anaconda.org/conda-forge/noarch/distlib-0.3.6-pyhd8ed1ab_0.tar.bz2#b65b4d50dbd2d50fa0aeac367ec9eed7
https://conda.anaconda.org/conda-forge/noarch/filelock-3.8.2-pyhd8ed1ab_0.conda#0f09c2bc17ddd8732be8e5b99297c7ce
https://conda.anaconda.org/conda-forge/linux-64/fortran-compiler-1.5.2-hdb1a99f_0.conda#265323e1bd53709aeb739c9b1794b398
https://conda.anaconda.org/conda-forge/noarch/idna-3.4-pyhd8ed1ab_0.tar.bz2#34272b248891bddccc64479f9a7fffed
https://conda.anaconda.org/conda-forge/noarch/jeepney-0.8.0-pyhd8ed1ab_0.tar.bz2#9800ad1699b42612478755a2d26c722d
https://conda.anaconda.org/conda-forge/noarch/lockfile-0.12.2-py_1.tar.bz2#c104d98e09c47519950cffb8dd5b4f10
https://conda.anaconda.org/conda-forge/noarch/more-itertools-9.0.0-pyhd8ed1ab_0.tar.bz2#9b6ad26944f19f599800b068e0582227
https://conda.anaconda.org/conda-forge/linux-64/mpi4py-3.1.4-py310h6075a6b_0.tar.bz2#5a937ee70049b118ff30abecb89c5ea7
https://conda.anaconda.org/conda-forge/linux-64/msgpack-python-1.0.4-py310hbf28c38_1.tar.bz2#1fa34c9e9be72b7e4c3c9b95017463a3
https://conda.anaconda.org/conda-forge/linux-64/numpy-1.23.5-py310h53a5b5f_0.conda#3b114b1559def8bad228fec544ac1812
https://conda.anaconda.org/conda-forge/noarch/packaging-22.0-pyhd8ed1ab_0.conda#0e8e1bd93998978fc3125522266d12db
https://conda.anaconda.org/conda-forge/noarch/pkginfo-1.9.2-pyhd8ed1ab_0.conda#8fb2779f1ab2ce91e893f31a36fbcbfa
https://conda.anaconda.org/conda-forge/noarch/pkgutil-resolve-name-1.3.10-pyhd8ed1ab_0.tar.bz2#89e3c7cdde7d3aaa2aee933b604dd07f
https://conda.anaconda.org/conda-forge/noarch/platformdirs-2.6.0-pyhd8ed1ab_0.conda#b1b2ab02d1ece1719f7fa002ad4bc70d
https://conda.anaconda.org/conda-forge/noarch/ptyprocess-0.7.0-pyhd3deb0d_0.tar.bz2#359eeb6536da0e687af562ed265ec263
https://conda.anaconda.org/conda-forge/noarch/pycparser-2.21-pyhd8ed1ab_0.tar.bz2#076becd9e05608f8dc72757d5f3a91ff
https://conda.anaconda.org/conda-forge/linux-64/pyrsistent-0.19.2-py310h5764c6d_0.tar.bz2#8e15da65c2d22cadcef42726916b5eeb
https://conda.anaconda.org/conda-forge/noarch/pysocks-1.7.1-pyha2e5f31_6.tar.bz2#2a7de29fb590ca14b5243c4c812c8025
https://conda.anaconda.org/conda-forge/noarch/setuptools-65.5.1-pyhd8ed1ab_0.tar.bz2#cfb8dc4d9d285ca5fb1177b9dd450e33
https://conda.anaconda.org/conda-forge/noarch/shellingham-1.5.0-pyhd8ed1ab_0.tar.bz2#65bacdee3cac51e49f45d530bbd5e90f
https://conda.anaconda.org/conda-forge/noarch/six-1.16.0-pyh6c4a22f_0.tar.bz2#e5f25f8dbc060e9a8d912e432202afc2
https://conda.anaconda.org/conda-forge/noarch/tomli-2.0.1-pyhd8ed1ab_0.tar.bz2#5844808ffab9ebdb694585b50ba02a96
https://conda.anaconda.org/conda-forge/noarch/trove-classifiers-2022.12.1-pyhd8ed1ab_0.conda#68d3f9f3eaaa3793fbcb2df55118ec8b
https://conda.anaconda.org/conda-forge/noarch/typing-3.10.0.0-pyhd8ed1ab_0.tar.bz2#e6573ac68718f17b9d4f5c8eda3190f2
https://conda.anaconda.org/conda-forge/noarch/typing_extensions-4.4.0-pyha770c72_0.tar.bz2#2d93b130d148d7fc77e583677792fc6a
https://conda.anaconda.org/conda-forge/noarch/webencodings-0.5.1-py_1.tar.bz2#3563be4c5611a44210d9ba0c16113136
https://conda.anaconda.org/conda-forge/noarch/wheel-0.38.4-pyhd8ed1ab_0.tar.bz2#c829cfb8cb826acb9de0ac1a2df0a940
https://conda.anaconda.org/conda-forge/noarch/zipp-3.11.0-pyhd8ed1ab_0.conda#09b5b885341697137879a4f039a9e5a1
https://conda.anaconda.org/conda-forge/linux-64/cffi-1.15.1-py310h255011f_2.tar.bz2#6bb8063dd08f9724c18744b0e040cfe2
https://conda.anaconda.org/conda-forge/linux-64/compilers-1.5.2-ha770c72_0.conda#f95226244ee1c487cf53272f971323f4
https://conda.anaconda.org/conda-forge/noarch/html5lib-1.1-pyh9f0ad1d_0.tar.bz2#b2355343d6315c892543200231d7154a
https://conda.anaconda.org/conda-forge/noarch/importlib-metadata-5.1.0-pyha770c72_0.conda#46a62e35b9ae515cf0e49afc7fe0e7ef
https://conda.anaconda.org/conda-forge/noarch/importlib_resources-5.10.1-pyhd8ed1ab_0.conda#db5d88c84c769798bf4b2f6776446b32
https://conda.anaconda.org/conda-forge/noarch/jaraco.classes-3.2.3-pyhd8ed1ab_0.tar.bz2#31e4a1506968d017229bdb64695013a1
https://conda.anaconda.org/conda-forge/noarch/pexpect-4.8.0-pyh1a96a4e_2.tar.bz2#330448ce4403cc74990ac07c555942a1
https://conda.anaconda.org/conda-forge/noarch/pip-22.3.1-pyhd8ed1ab_0.tar.bz2#da66f2851b9836d3a7c5190082a45f7d
https://conda.anaconda.org/conda-forge/linux-64/rapidfuzz-2.13.6-py310heca2aa9_0.conda#b602577dfbf9ae5fa3ae539658590b66
https://conda.anaconda.org/conda-forge/noarch/tomlkit-0.11.6-pyha770c72_0.tar.bz2#471bf9e605820b59988e830382b8d654
https://conda.anaconda.org/conda-forge/linux-64/virtualenv-20.17.1-py310hff52083_0.conda#d26ee3f6561669ec1f118d6d3404e42a
https://conda.anaconda.org/conda-forge/linux-64/brotlipy-0.7.0-py310h5764c6d_1005.tar.bz2#87669c3468dff637bbd0363bc0f895cf
https://conda.anaconda.org/conda-forge/noarch/cleo-2.0.1-pyhd8ed1ab_0.conda#f1c5f2af6676cbe9206e191d1e70f661
https://conda.anaconda.org/conda-forge/linux-64/cryptography-38.0.4-py310h600f1e7_0.conda#f999dcc21fe27ad97a8afcfa590daa14
https://conda.anaconda.org/conda-forge/noarch/importlib_metadata-5.1.0-hd8ed1ab_0.conda#3dc2248927de739b4d2e2da9a9972bfe
https://conda.anaconda.org/conda-forge/noarch/jsonschema-4.17.3-pyhd8ed1ab_0.conda#723268a468177cd44568eb8f794e0d80
https://conda.anaconda.org/conda-forge/noarch/poetry-core-1.4.0-pyhd8ed1ab_0.conda#9e9b2959e327aee8a2e547d23fcaf543
https://conda.anaconda.org/conda-forge/noarch/poetry-plugin-export-1.2.0-pyhd8ed1ab_1.conda#309418d675cc86490b40cf78df21d80f
https://conda.anaconda.org/conda-forge/noarch/pyopenssl-22.1.0-pyhd8ed1ab_0.tar.bz2#fbfa0a180d48c800f922a10a114a8632
https://conda.anaconda.org/conda-forge/linux-64/secretstorage-3.3.3-py310hff52083_1.tar.bz2#e135d0e3bbb226e8d53d31b4e4f6d93c
https://conda.anaconda.org/conda-forge/linux-64/keyring-23.11.0-py310hff52083_0.tar.bz2#1cc09aec47df38e68442c113f675c8e2
https://conda.anaconda.org/conda-forge/noarch/urllib3-1.26.13-pyhd8ed1ab_0.conda#3078ef2359efd6ecadbc7e085c5e0592
https://conda.anaconda.org/conda-forge/linux-64/dulwich-0.20.50-py310h1fa729e_0.conda#5b78fd677872318619b71767f11b5dc9
https://conda.anaconda.org/conda-forge/noarch/requests-2.28.1-pyhd8ed1ab_1.tar.bz2#089382ee0e2dc2eae33a04cc3c2bddb0
https://conda.anaconda.org/conda-forge/noarch/cachecontrol-0.12.11-pyhd8ed1ab_0.tar.bz2#6eefee9888f33f150b5d44d616b1a613
https://conda.anaconda.org/conda-forge/noarch/requests-toolbelt-0.10.1-pyhd8ed1ab_0.tar.bz2#a4cd20af9711434f89d1ec0d2b3ae6ba
https://conda.anaconda.org/conda-forge/linux-64/poetry-1.3.1-py310hff52083_0.conda#8220cc3a9f439f298acaacc0de861e76
